lockfileVersion: '6.0'

dependencies:
  arcsecond:
    specifier: ^5.0.0
    version: 5.0.0

devDependencies:
  typescript:
    specifier: ^5.1.3
    version: 5.1.3

packages:

  /arcsecond@5.0.0:
    resolution: {integrity: sha512-J/fHdyadnsIencRsM6oUSsraCKG+Ni9Udcgr/eusxjTzX3SEQtCUQSpP0YtImFPfIK6DdT1nqwN0ng4FqNmwgA==}
    dev: false

  /typescript@5.1.3:
    resolution: {integrity: sha512-XH627E9vkeqhlZFQuL+UsyAXEnibT0kWR2FWONlr4sTjvxyJYnyefgrkyECLzM5NenmKzRAy2rR/OlYLA1HkZw==}
    engines: {node: '>=14.17'}
    hasBin: true
    dev: true
